// !$*UTF8*$!
{
	archiveVersion = 1;
	classes = {
	};
	objectVersion = 46;
	objects = {

/* Begin PBXAggregateTarget section */
		"UpdateInfoPresenter::UpdateInfoPresenterPackageTests::ProductTarget" /* UpdateInfoPresenterPackageTests */ = {
			isa = PBXAggregateTarget;
			buildConfigurationList = OBJ_40 /* Build configuration list for PBXAggregateTarget "UpdateInfoPresenterPackageTests" */;
			buildPhases = (
			);
			dependencies = (
				OBJ_43 /* PBXTargetDependency */,
			);
			name = UpdateInfoPresenterPackageTests;
			productName = UpdateInfoPresenterPackageTests;
		};
/* End PBXAggregateTarget section */

/* Begin PBXBuildFile section */
		OBJ_28 /* Keys.swift in Sources */ = {isa = PBXBuildFile; fileRef = OBJ_9 /* Keys.swift */; };
		OBJ_29 /* UpdateInfoPresenter.swift in Sources */ = {isa = PBXBuildFile; fileRef = OBJ_10 /* UpdateInfoPresenter.swift */; };
		OBJ_30 /* Version.swift in Sources */ = {isa = PBXBuildFile; fileRef = OBJ_11 /* Version.swift */; };
		OBJ_38 /* Package.swift in Sources */ = {isa = PBXBuildFile; fileRef = OBJ_6 /* Package.swift */; };
		OBJ_49 /* UpdateInfoPresenterTests.swift in Sources */ = {isa = PBXBuildFile; fileRef = OBJ_15 /* UpdateInfoPresenterTests.swift */; };
		OBJ_50 /* XCTestManifests.swift in Sources */ = {isa = PBXBuildFile; fileRef = OBJ_16 /* XCTestManifests.swift */; };
		OBJ_52 /* UpdateInfoPresenter.framework in Frameworks */ = {isa = PBXBuildFile; fileRef = "UpdateInfoPresenter::UpdateInfoPresenter::Product" /* UpdateInfoPresenter.framework */; };
/* End PBXBuildFile section */

/* Begin PBXContainerItemProxy section */
		ED2E978F2534901F004C1AB5 /* PBXContainerItemProxy */ = {
			isa = PBXContainerItemProxy;
			containerPortal = OBJ_1 /* Project object */;
			proxyType = 1;
			remoteGlobalIDString = "UpdateInfoPresenter::UpdateInfoPresenter";
			remoteInfo = UpdateInfoPresenter;
		};
		ED2E97922534901F004C1AB5 /* PBXContainerItemProxy */ = {
			isa = PBXContainerItemProxy;
			containerPortal = OBJ_1 /* Project object */;
			proxyType = 1;
			remoteGlobalIDString = "UpdateInfoPresenter::UpdateInfoPresenterTests";
			remoteInfo = UpdateInfoPresenterTests;
		};
/* End PBXContainerItemProxy section */

/* Begin PBXFileReference section */
		OBJ_10 /* UpdateInfoPresenter.swift */ = {isa = PBXFileReference; lastKnownFileType = sourcecode.swift; path = UpdateInfoPresenter.swift; sourceTree = "<group>"; };
		OBJ_11 /* Version.swift */ = {isa = PBXFileReference; lastKnownFileType = sourcecode.swift; path = Version.swift; sourceTree = "<group>"; };
		OBJ_15 /* UpdateInfoPresenterTests.swift */ = {isa = PBXFileReference; lastKnownFileType = sourcecode.swift; path = UpdateInfoPresenterTests.swift; sourceTree = "<group>"; };
		OBJ_16 /* XCTestManifests.swift */ = {isa = PBXFileReference; lastKnownFileType = sourcecode.swift; path = XCTestManifests.swift; sourceTree = "<group>"; };
		OBJ_6 /* Package.swift */ = {isa = PBXFileReference; explicitFileType = sourcecode.swift; path = Package.swift; sourceTree = "<group>"; };
		OBJ_9 /* Keys.swift */ = {isa = PBXFileReference; lastKnownFileType = sourcecode.swift; path = Keys.swift; sourceTree = "<group>"; };
		"UpdateInfoPresenter::UpdateInfoPresenter::Product" /* UpdateInfoPresenter.framework */ = {isa = PBXFileReference; explicitFileType = wrapper.framework; path = UpdateInfoPresenter.framework; sourceTree = BUILT_PRODUCTS_DIR; };
		"UpdateInfoPresenter::UpdateInfoPresenterTests::Product" /* UpdateInfoPresenterTests.xctest */ = {isa = PBXFileReference; lastKnownFileType = file; path = UpdateInfoPresenterTests.xctest; sourceTree = BUILT_PRODUCTS_DIR; };
/* End PBXFileReference section */

/* Begin PBXFrameworksBuildPhase section */
		OBJ_32 /* Frameworks */ = {
			isa = PBXFrameworksBuildPhase;
			buildActionMask = 0;
			files = (
			);
			runOnlyForDeploymentPostprocessing = 0;
		};
		OBJ_51 /* Frameworks */ = {
			isa = PBXFrameworksBuildPhase;
			buildActionMask = 0;
			files = (
				OBJ_52 /* UpdateInfoPresenter.framework in Frameworks */,
			);
			runOnlyForDeploymentPostprocessing = 0;
		};
/* End PBXFrameworksBuildPhase section */

/* Begin PBXGroup section */
		OBJ_13 /* Tests */ = {
			isa = PBXGroup;
			children = (
				OBJ_14 /* UpdateInfoPresenterTests */,
			);
			name = Tests;
			sourceTree = SOURCE_ROOT;
		};
		OBJ_14 /* UpdateInfoPresenterTests */ = {
			isa = PBXGroup;
			children = (
				OBJ_15 /* UpdateInfoPresenterTests.swift */,
				OBJ_16 /* XCTestManifests.swift */,
			);
			name = UpdateInfoPresenterTests;
			path = Tests/UpdateInfoPresenterTests;
			sourceTree = SOURCE_ROOT;
		};
		OBJ_17 /* Products */ = {
			isa = PBXGroup;
			children = (
				"UpdateInfoPresenter::UpdateInfoPresenter::Product" /* UpdateInfoPresenter.framework */,
				"UpdateInfoPresenter::UpdateInfoPresenterTests::Product" /* UpdateInfoPresenterTests.xctest */,
			);
			name = Products;
			sourceTree = BUILT_PRODUCTS_DIR;
		};
		OBJ_5 /*  */ = {
			isa = PBXGroup;
			children = (
				OBJ_6 /* Package.swift */,
				OBJ_7 /* Sources */,
				OBJ_13 /* Tests */,
				OBJ_17 /* Products */,
			);
			name = "";
			sourceTree = "<group>";
		};
		OBJ_7 /* Sources */ = {
			isa = PBXGroup;
			children = (
				OBJ_8 /* UpdateInfoPresenter */,
			);
			name = Sources;
			sourceTree = SOURCE_ROOT;
		};
		OBJ_8 /* UpdateInfoPresenter */ = {
			isa = PBXGroup;
			children = (
				OBJ_9 /* Keys.swift */,
				OBJ_10 /* UpdateInfoPresenter.swift */,
				OBJ_11 /* Version.swift */,
			);
			name = UpdateInfoPresenter;
			path = Sources/UpdateInfoPresenter;
			sourceTree = SOURCE_ROOT;
		};
/* End PBXGroup section */

/* Begin PBXNativeTarget section */
		"UpdateInfoPresenter::SwiftPMPackageDescription" /* UpdateInfoPresenterPackageDescription */ = {
			isa = PBXNativeTarget;
			buildConfigurationList = OBJ_34 /* Build configuration list for PBXNativeTarget "UpdateInfoPresenterPackageDescription" */;
			buildPhases = (
				OBJ_37 /* Sources */,
			);
			buildRules = (
			);
			dependencies = (
			);
			name = UpdateInfoPresenterPackageDescription;
			productName = UpdateInfoPresenterPackageDescription;
			productType = "com.apple.product-type.framework";
		};
		"UpdateInfoPresenter::UpdateInfoPresenter" /* UpdateInfoPresenter */ = {
			isa = PBXNativeTarget;
			buildConfigurationList = OBJ_24 /* Build configuration list for PBXNativeTarget "UpdateInfoPresenter" */;
			buildPhases = (
				OBJ_27 /* Sources */,
				OBJ_32 /* Frameworks */,
			);
			buildRules = (
			);
			dependencies = (
			);
			name = UpdateInfoPresenter;
			productName = UpdateInfoPresenter;
			productReference = "UpdateInfoPresenter::UpdateInfoPresenter::Product" /* UpdateInfoPresenter.framework */;
			productType = "com.apple.product-type.framework";
		};
		"UpdateInfoPresenter::UpdateInfoPresenterTests" /* UpdateInfoPresenterTests */ = {
			isa = PBXNativeTarget;
			buildConfigurationList = OBJ_45 /* Build configuration list for PBXNativeTarget "UpdateInfoPresenterTests" */;
			buildPhases = (
				OBJ_48 /* Sources */,
				OBJ_51 /* Frameworks */,
			);
			buildRules = (
			);
			dependencies = (
				OBJ_53 /* PBXTargetDependency */,
			);
			name = UpdateInfoPresenterTests;
			productName = UpdateInfoPresenterTests;
			productReference = "UpdateInfoPresenter::UpdateInfoPresenterTests::Product" /* UpdateInfoPresenterTests.xctest */;
			productType = "com.apple.product-type.bundle.unit-test";
		};
/* End PBXNativeTarget section */

/* Begin PBXProject section */
		OBJ_1 /* Project object */ = {
			isa = PBXProject;
			attributes = {
				LastSwiftMigration = 9999;
				LastUpgradeCheck = 9999;
			};
			buildConfigurationList = OBJ_2 /* Build configuration list for PBXProject "UpdateInfoPresenter" */;
			compatibilityVersion = "Xcode 3.2";
			developmentRegion = en;
			hasScannedForEncodings = 0;
			knownRegions = (
				en,
			);
			mainGroup = OBJ_5 /*  */;
			productRefGroup = OBJ_17 /* Products */;
			projectDirPath = "";
			projectRoot = "";
			targets = (
				"UpdateInfoPresenter::UpdateInfoPresenter" /* UpdateInfoPresenter */,
				"UpdateInfoPresenter::SwiftPMPackageDescription" /* UpdateInfoPresenterPackageDescription */,
				"UpdateInfoPresenter::UpdateInfoPresenterPackageTests::ProductTarget" /* UpdateInfoPresenterPackageTests */,
				"UpdateInfoPresenter::UpdateInfoPresenterTests" /* UpdateInfoPresenterTests */,
			);
		};
/* End PBXProject section */

/* Begin PBXSourcesBuildPhase section */
		OBJ_27 /* Sources */ = {
			isa = PBXSourcesBuildPhase;
			buildActionMask = 0;
			files = (
				OBJ_28 /* Keys.swift in Sources */,
				OBJ_29 /* UpdateInfoPresenter.swift in Sources */,
				OBJ_30 /* Version.swift in Sources */,
			);
			runOnlyForDeploymentPostprocessing = 0;
		};
		OBJ_37 /* Sources */ = {
			isa = PBXSourcesBuildPhase;
			buildActionMask = 0;
			files = (
				OBJ_38 /* Package.swift in Sources */,
			);
			runOnlyForDeploymentPostprocessing = 0;
		};
		OBJ_48 /* Sources */ = {
			isa = PBXSourcesBuildPhase;
			buildActionMask = 0;
			files = (
				OBJ_49 /* UpdateInfoPresenterTests.swift in Sources */,
				OBJ_50 /* XCTestManifests.swift in Sources */,
			);
			runOnlyForDeploymentPostprocessing = 0;
		};
/* End PBXSourcesBuildPhase section */

/* Begin PBXTargetDependency section */
		OBJ_43 /* PBXTargetDependency */ = {
			isa = PBXTargetDependency;
			target = "UpdateInfoPresenter::UpdateInfoPresenterTests" /* UpdateInfoPresenterTests */;
			targetProxy = ED2E97922534901F004C1AB5 /* PBXContainerItemProxy */;
		};
		OBJ_53 /* PBXTargetDependency */ = {
			isa = PBXTargetDependency;
			target = "UpdateInfoPresenter::UpdateInfoPresenter" /* UpdateInfoPresenter */;
			targetProxy = ED2E978F2534901F004C1AB5 /* PBXContainerItemProxy */;
		};
/* End PBXTargetDependency section */

/* Begin XCBuildConfiguration section */
		OBJ_25 /* Debug */ = {
			isa = XCBuildConfiguration;
			buildSettings = {
				ENABLE_TESTABILITY = YES;
				FRAMEWORK_SEARCH_PATHS = (
					"$(inherited)",
					"$(PLATFORM_DIR)/Developer/Library/Frameworks",
				);
				HEADER_SEARCH_PATHS = "$(inherited)";
				INFOPLIST_FILE = UpdateInfoPresenter.xcodeproj/UpdateInfoPresenter_Info.plist;
				IPHONEOS_DEPLOYMENT_TARGET = 9.0;
				LD_RUNPATH_SEARCH_PATHS = "$(inherited) $(TOOLCHAIN_DIR)/usr/lib/swift/macosx";
				MACOSX_DEPLOYMENT_TARGET = 10.10;
				OTHER_CFLAGS = "$(inherited)";
				OTHER_LDFLAGS = "$(inherited)";
				OTHER_SWIFT_FLAGS = "$(inherited)";
				PRODUCT_BUNDLE_IDENTIFIER = UpdateInfoPresenter;
				PRODUCT_MODULE_NAME = "$(TARGET_NAME:c99extidentifier)";
				PRODUCT_NAME = "$(TARGET_NAME:c99extidentifier)";
				SDKROOT = iphoneos;
				SKIP_INSTALL = YES;
				SUPPORTED_PLATFORMS = "iphonesimulator iphoneos";
				SWIFT_ACTIVE_COMPILATION_CONDITIONS = "$(inherited)";
				SWIFT_VERSION = 5.0;
				TARGET_NAME = UpdateInfoPresenter;
				TVOS_DEPLOYMENT_TARGET = 9.0;
				WATCHOS_DEPLOYMENT_TARGET = 2.0;
			};
			name = Debug;
		};
		OBJ_26 /* Release */ = {
			isa = XCBuildConfiguration;
			buildSettings = {
				ENABLE_TESTABILITY = YES;
				FRAMEWORK_SEARCH_PATHS = (
					"$(inherited)",
					"$(PLATFORM_DIR)/Developer/Library/Frameworks",
				);
				HEADER_SEARCH_PATHS = "$(inherited)";
				INFOPLIST_FILE = UpdateInfoPresenter.xcodeproj/UpdateInfoPresenter_Info.plist;
				IPHONEOS_DEPLOYMENT_TARGET = 9.0;
				LD_RUNPATH_SEARCH_PATHS = "$(inherited) $(TOOLCHAIN_DIR)/usr/lib/swift/macosx";
				MACOSX_DEPLOYMENT_TARGET = 10.10;
				OTHER_CFLAGS = "$(inherited)";
				OTHER_LDFLAGS = "$(inherited)";
				OTHER_SWIFT_FLAGS = "$(inherited)";
				PRODUCT_BUNDLE_IDENTIFIER = UpdateInfoPresenter;
				PRODUCT_MODULE_NAME = "$(TARGET_NAME:c99extidentifier)";
				PRODUCT_NAME = "$(TARGET_NAME:c99extidentifier)";
				SDKROOT = iphoneos;
				SKIP_INSTALL = YES;
				SUPPORTED_PLATFORMS = "iphonesimulator iphoneos";
				SWIFT_ACTIVE_COMPILATION_CONDITIONS = "$(inherited)";
				SWIFT_VERSION = 5.0;
				TARGET_NAME = UpdateInfoPresenter;
				TVOS_DEPLOYMENT_TARGET = 9.0;
				WATCHOS_DEPLOYMENT_TARGET = 2.0;
			};
			name = Release;
		};
		OBJ_3 /* Debug */ = {
			isa = XCBuildConfiguration;
			buildSettings = {
				CLANG_ENABLE_OBJC_ARC = YES;
				COMBINE_HIDPI_IMAGES = YES;
				COPY_PHASE_STRIP = NO;
				DEBUG_INFORMATION_FORMAT = dwarf;
				DYLIB_INSTALL_NAME_BASE = "@rpath";
				ENABLE_NS_ASSERTIONS = YES;
				GCC_OPTIMIZATION_LEVEL = 0;
				GCC_PREPROCESSOR_DEFINITIONS = (
					"$(inherited)",
					"SWIFT_PACKAGE=1",
					"DEBUG=1",
				);
				MACOSX_DEPLOYMENT_TARGET = 10.10;
				ONLY_ACTIVE_ARCH = YES;
				OTHER_SWIFT_FLAGS = "$(inherited) -DXcode";
				PRODUCT_NAME = "$(TARGET_NAME)";
				SDKROOT = macosx;
				SUPPORTED_PLATFORMS = "macosx iphoneos iphonesimulator appletvos appletvsimulator watchos watchsimulator";
				SWIFT_ACTIVE_COMPILATION_CONDITIONS = "$(inherited) SWIFT_PACKAGE DEBUG";
				SWIFT_OPTIMIZATION_LEVEL = "-Onone";
				USE_HEADERMAP = NO;
			};
			name = Debug;
		};
		OBJ_35 /* Debug */ = {
			isa = XCBuildConfiguration;
			buildSettings = {
				LD = /usr/bin/true;
				OTHER_SWIFT_FLAGS = "-swift-version 5 -I $(TOOLCHAIN_DIR)/usr/lib/swift/pm/4_2 -sdk /Applications/Xcode.app/Contents/Developer/Platforms/MacOSX.platform/Developer/SDKs/MacOSX10.15.sdk -package-description-version 5.3.0";
				SWIFT_VERSION = 5.0;
			};
			name = Debug;
		};
		OBJ_36 /* Release */ = {
			isa = XCBuildConfiguration;
			buildSettings = {
				LD = /usr/bin/true;
				OTHER_SWIFT_FLAGS = "-swift-version 5 -I $(TOOLCHAIN_DIR)/usr/lib/swift/pm/4_2 -sdk /Applications/Xcode.app/Contents/Developer/Platforms/MacOSX.platform/Developer/SDKs/MacOSX10.15.sdk -package-description-version 5.3.0";
				SWIFT_VERSION = 5.0;
			};
			name = Release;
		};
		OBJ_4 /* Release */ = {
			isa = XCBuildConfiguration;
			buildSettings = {
				CLANG_ENABLE_OBJC_ARC = YES;
				COMBINE_HIDPI_IMAGES = YES;
				COPY_PHASE_STRIP = YES;
				DEBUG_INFORMATION_FORMAT = "dwarf-with-dsym";
				DYLIB_INSTALL_NAME_BASE = "@rpath";
				GCC_OPTIMIZATION_LEVEL = s;
				GCC_PREPROCESSOR_DEFINITIONS = (
					"$(inherited)",
					"SWIFT_PACKAGE=1",
				);
				MACOSX_DEPLOYMENT_TARGET = 10.10;
				OTHER_SWIFT_FLAGS = "$(inherited) -DXcode";
				PRODUCT_NAME = "$(TARGET_NAME)";
				SDKROOT = macosx;
				SUPPORTED_PLATFORMS = "macosx iphoneos iphonesimulator appletvos appletvsimulator watchos watchsimulator";
				SWIFT_ACTIVE_COMPILATION_CONDITIONS = "$(inherited) SWIFT_PACKAGE";
				SWIFT_OPTIMIZATION_LEVEL = "-Owholemodule";
				USE_HEADERMAP = NO;
			};
			name = Release;
		};
		OBJ_41 /* Debug */ = {
			isa = XCBuildConfiguration;
			buildSettings = {
			};
			name = Debug;
		};
		OBJ_42 /* Release */ = {
			isa = XCBuildConfiguration;
			buildSettings = {
			};
			name = Release;
		};
		OBJ_46 /* Debug */ = {
			isa = XCBuildConfiguration;
			buildSettings = {
				CLANG_ENABLE_MODULES = YES;
				EMBEDDED_CONTENT_CONTAINS_SWIFT = YES;
				FRAMEWORK_SEARCH_PATHS = (
					"$(inherited)",
					"$(PLATFORM_DIR)/Developer/Library/Frameworks",
				);
				HEADER_SEARCH_PATHS = "$(inherited)";
				INFOPLIST_FILE = UpdateInfoPresenter.xcodeproj/UpdateInfoPresenterTests_Info.plist;
				IPHONEOS_DEPLOYMENT_TARGET = 14.0;
				LD_RUNPATH_SEARCH_PATHS = "$(inherited) @loader_path/../Frameworks @loader_path/Frameworks";
				MACOSX_DEPLOYMENT_TARGET = 10.15;
				OTHER_CFLAGS = "$(inherited)";
				OTHER_LDFLAGS = "$(inherited)";
				OTHER_SWIFT_FLAGS = "$(inherited)";
				SWIFT_ACTIVE_COMPILATION_CONDITIONS = "$(inherited)";
				SWIFT_VERSION = 5.0;
				TARGET_NAME = UpdateInfoPresenterTests;
				TVOS_DEPLOYMENT_TARGET = 9.0;
				WATCHOS_DEPLOYMENT_TARGET = 2.0;
			};
			name = Debug;
		};
		OBJ_47 /* Release */ = {
			isa = XCBuildConfiguration;
			buildSettings = {
				CLANG_ENABLE_MODULES = YES;
				EMBEDDED_CONTENT_CONTAINS_SWIFT = YES;
				FRAMEWORK_SEARCH_PATHS = (
					"$(inherited)",
					"$(PLATFORM_DIR)/Developer/Library/Frameworks",
				);
				HEADER_SEARCH_PATHS = "$(inherited)";
				INFOPLIST_FILE = UpdateInfoPresenter.xcodeproj/UpdateInfoPresenterTests_Info.plist;
				IPHONEOS_DEPLOYMENT_TARGET = 14.0;
				LD_RUNPATH_SEARCH_PATHS = "$(inherited) @loader_path/../Frameworks @loader_path/Frameworks";
				MACOSX_DEPLOYMENT_TARGET = 10.15;
				OTHER_CFLAGS = "$(inherited)";
				OTHER_LDFLAGS = "$(inherited)";
				OTHER_SWIFT_FLAGS = "$(inherited)";
				SWIFT_ACTIVE_COMPILATION_CONDITIONS = "$(inherited)";
				SWIFT_VERSION = 5.0;
				TARGET_NAME = UpdateInfoPresenterTests;
				TVOS_DEPLOYMENT_TARGET = 9.0;
				WATCHOS_DEPLOYMENT_TARGET = 2.0;
			};
			name = Release;
		};
/* End XCBuildConfiguration section */

/* Begin XCConfigurationList section */
		OBJ_2 /* Build configuration list for PBXProject "UpdateInfoPresenter" */ = {
			isa = XCConfigurationList;
			buildConfigurations = (
				OBJ_3 /* Debug */,
				OBJ_4 /* Release */,
			);
			defaultConfigurationIsVisible = 0;
			defaultConfigurationName = Release;
		};
		OBJ_24 /* Build configuration list for PBXNativeTarget "UpdateInfoPresenter" */ = {
			isa = XCConfigurationList;
			buildConfigurations = (
				OBJ_25 /* Debug */,
				OBJ_26 /* Release */,
			);
			defaultConfigurationIsVisible = 0;
			defaultConfigurationName = Release;
		};
		OBJ_34 /* Build configuration list for PBXNativeTarget "UpdateInfoPresenterPackageDescription" */ = {
			isa = XCConfigurationList;
			buildConfigurations = (
				OBJ_35 /* Debug */,
				OBJ_36 /* Release */,
			);
			defaultConfigurationIsVisible = 0;
			defaultConfigurationName = Release;
		};
		OBJ_40 /* Build configuration list for PBXAggregateTarget "UpdateInfoPresenterPackageTests" */ = {
			isa = XCConfigurationList;
			buildConfigurations = (
				OBJ_41 /* Debug */,
				OBJ_42 /* Release */,
			);
			defaultConfigurationIsVisible = 0;
			defaultConfigurationName = Release;
		};
		OBJ_45 /* Build configuration list for PBXNativeTarget "UpdateInfoPresenterTests" */ = {
			isa = XCConfigurationList;
			buildConfigurations = (
				OBJ_46 /* Debug */,
				OBJ_47 /* Release */,
			);
			defaultConfigurationIsVisible = 0;
			defaultConfigurationName = Release;
		};
/* End XCConfigurationList section */
	};
	rootObject = OBJ_1 /* Project object */;
}
